<?xml version="1.0" encoding="utf-8"?>
<Project ToolsVersion="4.0" xmlns="http://schemas.microsoft.com/developer/msbuild/2003">
  <ItemGroup>
    <Filter Include="Файлы исходного кода">
      <UniqueIdentifier>{4FC737F1-C7A5-4376-A066-2A32D752A2FF}</UniqueIdentifier>
      <Extensions>cpp;c;cc;cxx;def;odl;idl;hpj;bat;asm;asmx</Extensions>
    </Filter>
    <Filter Include="Заголовочные файлы">
      <UniqueIdentifier>{93995380-89BD-4b04-88EB-625FBE52EBFB}</UniqueIdentifier>
      <Extensions>h;hh;hpp;hxx;hm;inl;inc;xsd</Extensions>
    </Filter>
    <Filter Include="Файлы ресурсов">
      <UniqueIdentifier>{67DA6AB6-F800-4c08-8B7A-83BB121AAD01}</UniqueIdentifier>
      <Extensions>rc;ico;cur;bmp;dlg;rc2;rct;bin;rgs;gif;jpg;jpeg;jpe;resx;tiff;tif;png;wav;mfcribbon-ms</Extensions>
    </Filter>
  </ItemGroup>
  <ItemGroup>
    <ClCompile Include="C:\Users\neste\Documents\Visual Studio 2017\Projects\Git\HSOOP\HSOOPC_CH_BunnyHop.cpp">
      <Filter>Файлы исходного кода</Filter>
    </ClCompile>
    <ClCompile Include="C:\Users\neste\Documents\Visual Studio 2017\Projects\Git\HSOOP\HSOOPC_CH_Aimbot.cpp">
      <Filter>Файлы исходного кода</Filter>
    </ClCompile>
    <ClCompile Include="C:\Users\neste\Documents\Visual Studio 2017\Projects\Git\HSOOP\HSOOPC_CH_Ceiling.cpp">
      <Filter>Файлы исходного кода</Filter>
    </ClCompile>
    <ClCompile Include="C:\Users\neste\Documents\Visual Studio 2017\Projects\Git\HSOOP\HSOOPC_CH_ESP.cpp">
      <Filter>Файлы исходного кода</Filter>
    </ClCompile>
    <ClCompile Include="C:\Users\neste\Documents\Visual Studio 2017\Projects\Git\HSOOP\HSOOPC_CH_Fullbright.cpp">
      <Filter>Файлы исходного кода</Filter>
    </ClCompile>
    <ClCompile Include="C:\Users\neste\Documents\Visual Studio 2017\Projects\Git\HSOOP\HSOOPC_CH_GlowHack.cpp">
      <Filter>Файлы исходного кода</Filter>
    </ClCompile>
    <ClCompile Include="C:\Users\neste\Documents\Visual Studio 2017\Projects\Git\HSOOP\HSOOPC_CH_IncapNoRecoil.cpp">
      <Filter>Файлы исходного кода</Filter>
    </ClCompile>
    <ClCompile Include="C:\Users\neste\Documents\Visual Studio 2017\Projects\Git\HSOOP\HSOOPC_CH_NoFog.cpp">
      <Filter>Файлы исходного кода</Filter>
    </ClCompile>
    <ClCompile Include="C:\Users\neste\Documents\Visual Studio 2017\Projects\Git\HSOOP\HSOOPC_CH_NoRecoil.cpp">
      <Filter>Файлы исходного кода</Filter>
    </ClCompile>
    <ClCompile Include="C:\Users\neste\Documents\Visual Studio 2017\Projects\Git\HSOOP\HSOOPC_CH_NoSmoke.cpp">
      <Filter>Файлы исходного кода</Filter>
    </ClCompile>
    <ClCompile Include="C:\Users\neste\Documents\Visual Studio 2017\Projects\Git\HSOOP\HSOOPC_Cheat.cpp">
      <Filter>Файлы исходного кода</Filter>
    </ClCompile>
    <ClCompile Include="C:\Users\neste\Documents\Visual Studio 2017\Projects\Git\HSOOP\HSOOPC_Cheat_KeyUsing.cpp">
      <Filter>Файлы исходного кода</Filter>
    </ClCompile>
    <ClCompile Include="C:\Users\neste\Documents\Visual Studio 2017\Projects\Git\HSOOP\HSOOPC_ConfigLoader.cpp">
      <Filter>Файлы исходного кода</Filter>
    </ClCompile>
    <ClCompile Include="C:\Users\neste\Documents\Visual Studio 2017\Projects\Git\HSOOP\HSOOPC_Enemy.cpp">
      <Filter>Файлы исходного кода</Filter>
    </ClCompile>
    <ClCompile Include="C:\Users\neste\Documents\Visual Studio 2017\Projects\Git\HSOOP\HSOOPC_Entity.cpp">
      <Filter>Файлы исходного кода</Filter>
    </ClCompile>
    <ClCompile Include="C:\Users\neste\Documents\Visual Studio 2017\Projects\Git\HSOOP\HSOOPC_HackProcess.cpp">
      <Filter>Файлы исходного кода</Filter>
    </ClCompile>
    <ClCompile Include="C:\Users\neste\Documents\Visual Studio 2017\Projects\Git\HSOOP\HSOOPC_HS_SingleInstance.cpp">
      <Filter>Файлы исходного кода</Filter>
    </ClCompile>
    <ClCompile Include="C:\Users\neste\Documents\Visual Studio 2017\Projects\Git\HSOOP\HSOOPC_MyPlayer.cpp">
      <Filter>Файлы исходного кода</Filter>
    </ClCompile>
    <ClCompile Include="C:\Users\neste\Documents\Visual Studio 2017\Projects\Git\HSOOP\HSOOPC_SHA256.cpp">
      <Filter>Файлы исходного кода</Filter>
    </ClCompile>
    <ClCompile Include="C:\Users\neste\Documents\Visual Studio 2017\Projects\Git\HSOOP\HSOOPC_Target.cpp">
      <Filter>Файлы исходного кода</Filter>
    </ClCompile>
    <ClCompile Include="C:\Users\neste\Documents\Visual Studio 2017\Projects\Git\HSOOP\HSOOPHardware.cpp">
      <Filter>Файлы исходного кода</Filter>
    </ClCompile>
    <ClCompile Include="C:\Users\neste\Documents\Visual Studio 2017\Projects\Git\HSOOP\HSOOPLicenseChecker.cpp">
      <Filter>Файлы исходного кода</Filter>
    </ClCompile>
    <ClCompile Include="C:\Users\neste\Documents\Visual Studio 2017\Projects\Git\HSOOP\HSOOPmain.cpp">
      <Filter>Файлы исходного кода</Filter>
    </ClCompile>
    <ClCompile Include="C:\Users\neste\Documents\Visual Studio 2017\Projects\Git\HSOOP\HSOOPStaticFunctions.cpp">
      <Filter>Файлы исходного кода</Filter>
    </ClCompile>
  </ItemGroup>
  <ItemGroup>
    <ClInclude Include="C:\Users\neste\Documents\Visual Studio 2017\Projects\Git\HSOOP\HSOOPC_CH_Aimbot.h">
      <Filter>Заголовочные файлы</Filter>
    </ClInclude>
    <ClInclude Include="C:\Users\neste\Documents\Visual Studio 2017\Projects\Git\HSOOP\HSOOPC_CH_BunnyHop.h">
      <Filter>Заголовочные файлы</Filter>
    </ClInclude>
    <ClInclude Include="C:\Users\neste\Documents\Visual Studio 2017\Projects\Git\HSOOP\HSOOPC_CH_Ceiling.h">
      <Filter>Заголовочные файлы</Filter>
    </ClInclude>
    <ClInclude Include="C:\Users\neste\Documents\Visual Studio 2017\Projects\Git\HSOOP\HSOOPC_CH_ESP.h">
      <Filter>Заголовочные файлы</Filter>
    </ClInclude>
    <ClInclude Include="C:\Users\neste\Documents\Visual Studio 2017\Projects\Git\HSOOP\HSOOPC_CH_Fullbright.h">
      <Filter>Заголовочные файлы</Filter>
    </ClInclude>
    <ClInclude Include="C:\Users\neste\Documents\Visual Studio 2017\Projects\Git\HSOOP\HSOOPC_CH_GlowHack.h">
      <Filter>Заголовочные файлы</Filter>
    </ClInclude>
    <ClInclude Include="C:\Users\neste\Documents\Visual Studio 2017\Projects\Git\HSOOP\HSOOPC_CH_IncapNoRecoil.h">
      <Filter>Заголовочные файлы</Filter>
    </ClInclude>
    <ClInclude Include="C:\Users\neste\Documents\Visual Studio 2017\Projects\Git\HSOOP\HSOOPC_CH_NoFog.h">
      <Filter>Заголовочные файлы</Filter>
    </ClInclude>
    <ClInclude Include="C:\Users\neste\Documents\Visual Studio 2017\Projects\Git\HSOOP\HSOOPC_CH_NoRecoil.h">
      <Filter>Заголовочные файлы</Filter>
    </ClInclude>
    <ClInclude Include="C:\Users\neste\Documents\Visual Studio 2017\Projects\Git\HSOOP\HSOOPC_CH_NoSmoke.h">
      <Filter>Заголовочные файлы</Filter>
    </ClInclude>
    <ClInclude Include="C:\Users\neste\Documents\Visual Studio 2017\Projects\Git\HSOOP\HSOOPC_Cheat.h">
      <Filter>Заголовочные файлы</Filter>
    </ClInclude>
    <ClInclude Include="C:\Users\neste\Documents\Visual Studio 2017\Projects\Git\HSOOP\HSOOPC_Cheat_KeyUsing.h">
      <Filter>Заголовочные файлы</Filter>
    </ClInclude>
    <ClInclude Include="C:\Users\neste\Documents\Visual Studio 2017\Projects\Git\HSOOP\HSOOPC_ConfigLoader.h">
      <Filter>Заголовочные файлы</Filter>
    </ClInclude>
    <ClInclude Include="C:\Users\neste\Documents\Visual Studio 2017\Projects\Git\HSOOP\HSOOPC_Enemy.h">
      <Filter>Заголовочные файлы</Filter>
    </ClInclude>
    <ClInclude Include="C:\Users\neste\Documents\Visual Studio 2017\Projects\Git\HSOOP\HSOOPC_Entity.h">
      <Filter>Заголовочные файлы</Filter>
    </ClInclude>
    <ClInclude Include="C:\Users\neste\Documents\Visual Studio 2017\Projects\Git\HSOOP\HSOOPC_HackProcess.h">
      <Filter>Заголовочные файлы</Filter>
    </ClInclude>
    <ClInclude Include="C:\Users\neste\Documents\Visual Studio 2017\Projects\Git\HSOOP\HSOOPC_HS_SingleInstance.h">
      <Filter>Заголовочные файлы</Filter>
    </ClInclude>
    <ClInclude Include="C:\Users\neste\Documents\Visual Studio 2017\Projects\Git\HSOOP\HSOOPC_MyPlayer.h">
      <Filter>Заголовочные файлы</Filter>
    </ClInclude>
    <ClInclude Include="C:\Users\neste\Documents\Visual Studio 2017\Projects\Git\HSOOP\HSOOPC_SHA256.h">
      <Filter>Заголовочные файлы</Filter>
    </ClInclude>
    <ClInclude Include="C:\Users\neste\Documents\Visual Studio 2017\Projects\Git\HSOOP\HSOOPC_Target.h">
      <Filter>Заголовочные файлы</Filter>
    </ClInclude>
    <ClInclude Include="C:\Users\neste\Documents\Visual Studio 2017\Projects\Git\HSOOP\HSOOPCFG_ACCOUNTS.h">
      <Filter>Заголовочные файлы</Filter>
    </ClInclude>
    <ClInclude Include="C:\Users\neste\Documents\Visual Studio 2017\Projects\Git\HSOOP\HSOOPCFG_BUTTONS.h">
      <Filter>Заголовочные файлы</Filter>
    </ClInclude>
    <ClInclude Include="C:\Users\neste\Documents\Visual Studio 2017\Projects\Git\HSOOP\HSOOPCFG_COLORS.h">
      <Filter>Заголовочные файлы</Filter>
    </ClInclude>
    <ClInclude Include="C:\Users\neste\Documents\Visual Studio 2017\Projects\Git\HSOOP\HSOOPCFG_GAMECONSTANTS.h">
      <Filter>Заголовочные файлы</Filter>
    </ClInclude>
    <ClInclude Include="C:\Users\neste\Documents\Visual Studio 2017\Projects\Git\HSOOP\HSOOPCFG_GAMECVARS.h">
      <Filter>Заголовочные файлы</Filter>
    </ClInclude>
    <ClInclude Include="C:\Users\neste\Documents\Visual Studio 2017\Projects\Git\HSOOP\HSOOPCFG_LOADER_PARAMETERS.h">
      <Filter>Заголовочные файлы</Filter>
    </ClInclude>
    <ClInclude Include="C:\Users\neste\Documents\Visual Studio 2017\Projects\Git\HSOOP\HSOOPCFG_MAIN.h">
      <Filter>Заголовочные файлы</Filter>
    </ClInclude>
    <ClInclude Include="C:\Users\neste\Documents\Visual Studio 2017\Projects\Git\HSOOP\HSOOPHardware.h">
      <Filter>Заголовочные файлы</Filter>
    </ClInclude>
    <ClInclude Include="C:\Users\neste\Documents\Visual Studio 2017\Projects\Git\HSOOP\HSOOPLicenseChecker.h">
      <Filter>Заголовочные файлы</Filter>
    </ClInclude>
    <ClInclude Include="C:\Users\neste\Documents\Visual Studio 2017\Projects\Git\HSOOP\HSOOPStaticFunctions.h">
      <Filter>Заголовочные файлы</Filter>
    </ClInclude>
  </ItemGroup>
</Project>